
Microsoft Visual Studio Solution File, Format Version 12.00
Project("{2150E333-8FDC-42A3-9474-1A3956D46DE8}") = "hosts", "hosts", "{879942DB-0850-4843-8FA7-5CDA5905C3EC}"
EndProject
Project("{2150E333-8FDC-42A3-9474-1A3956D46DE8}") = "application", "application", "{07014305-42F1-46D5-9979-685C96F15931}"
EndProject
Project("{2150E333-8FDC-42A3-9474-1A3956D46DE8}") = "contracts", "contracts", "{C0F4AA83-99D1-4F7B-844B-F71F6B36C607}"
EndProject
Project("{2150E333-8FDC-42A3-9474-1A3956D46DE8}") = "domain", "domain", "{0ABC0B3B-41A3-4533-83B1-475C9B4AE0AB}"
EndProject
Project("{2150E333-8FDC-42A3-9474-1A3956D46DE8}") = "infrastructure", "infrastructure", "{9131C536-EB6D-4601-9E20-F671022ED773}"
EndProject
Project("{2150E333-8FDC-42A3-9474-1A3956D46DE8}") = "src", "src", "{905F1403-12B4-4E95-9413-D4CBE7AA0847}"
EndProject
Project("{FAE04EC0-301F-11D3-BF4B-00C04F79EFBC}") = "LibSevSUBackend.AppServices", "src\LibSevSUBackend.AppServices\LibSevSUBackend.AppServices.csproj", "{6E5A4BEE-250A-4CCD-B3F7-74FD6374E903}"
EndProject
Project("{FAE04EC0-301F-11D3-BF4B-00C04F79EFBC}") = "LibSevSUBackend.Contracts", "src\LibSevSUBackend.Contracts\LibSevSUBackend.Contracts.csproj", "{BAA07404-16F0-4C7D-B820-C5F644D9EBCB}"
EndProject
Project("{FAE04EC0-301F-11D3-BF4B-00C04F79EFBC}") = "LibSevSUBackend.Domain", "src\LibSevSUBackend.Domain\LibSevSUBackend.Domain.csproj", "{5920D44E-5567-410E-BE12-8E8C75E467D6}"
EndProject
Project("{FAE04EC0-301F-11D3-BF4B-00C04F79EFBC}") = "LibSevSUBackend.Api", "src\LibSevSUBackend.Api\LibSevSUBackend.Api.csproj", "{40C16088-DF85-474A-88A8-23F1C38FFCFC}"
EndProject
Project("{FAE04EC0-301F-11D3-BF4B-00C04F79EFBC}") = "LibSevSUBackend.DataAccess", "src\LibSevSUBackend.DataAccess\LibSevSUBackend.DataAccess.csproj", "{9E6CC674-B364-4319-AE13-BF50FA41D184}"
EndProject
Project("{FAE04EC0-301F-11D3-BF4B-00C04F79EFBC}") = "LibSevSUBackend.ComponentRegistrar", "src\LibSevSUBackend.ComponentRegistrar\LibSevSUBackend.ComponentRegistrar.csproj", "{A076E02F-B69D-4CA5-A616-234B68EFE61B}"
EndProject
Project("{FAE04EC0-301F-11D3-BF4B-00C04F79EFBC}") = "LibSevSUBackend.Infrastructure", "src\LibSevSUBackend.Infrastructure\LibSevSUBackend.Infrastructure.csproj", "{81876B4E-F84F-431C-A8D1-07E25722662E}"
EndProject
Project("{FAE04EC0-301F-11D3-BF4B-00C04F79EFBC}") = "LibSevSUBackend.DbMigrator", "src\LibSevSUBackend.DbMigrator\LibSevSUBackend.DbMigrator.csproj", "{350CB236-FE73-4DF2-B701-C975B79E7160}"
EndProject
Global
	GlobalSection(SolutionConfigurationPlatforms) = preSolution
		Debug|Any CPU = Debug|Any CPU
		Release|Any CPU = Release|Any CPU
	EndGlobalSection
	GlobalSection(ProjectConfigurationPlatforms) = postSolution
		{6E5A4BEE-250A-4CCD-B3F7-74FD6374E903}.Debug|Any CPU.ActiveCfg = Debug|Any CPU
		{6E5A4BEE-250A-4CCD-B3F7-74FD6374E903}.Debug|Any CPU.Build.0 = Debug|Any CPU
		{6E5A4BEE-250A-4CCD-B3F7-74FD6374E903}.Release|Any CPU.ActiveCfg = Release|Any CPU
		{6E5A4BEE-250A-4CCD-B3F7-74FD6374E903}.Release|Any CPU.Build.0 = Release|Any CPU
		{BAA07404-16F0-4C7D-B820-C5F644D9EBCB}.Debug|Any CPU.ActiveCfg = Debug|Any CPU
		{BAA07404-16F0-4C7D-B820-C5F644D9EBCB}.Debug|Any CPU.Build.0 = Debug|Any CPU
		{BAA07404-16F0-4C7D-B820-C5F644D9EBCB}.Release|Any CPU.ActiveCfg = Release|Any CPU
		{BAA07404-16F0-4C7D-B820-C5F644D9EBCB}.Release|Any CPU.Build.0 = Release|Any CPU
		{5920D44E-5567-410E-BE12-8E8C75E467D6}.Debug|Any CPU.ActiveCfg = Debug|Any CPU
		{5920D44E-5567-410E-BE12-8E8C75E467D6}.Debug|Any CPU.Build.0 = Debug|Any CPU
		{5920D44E-5567-410E-BE12-8E8C75E467D6}.Release|Any CPU.ActiveCfg = Release|Any CPU
		{5920D44E-5567-410E-BE12-8E8C75E467D6}.Release|Any CPU.Build.0 = Release|Any CPU
		{40C16088-DF85-474A-88A8-23F1C38FFCFC}.Debug|Any CPU.ActiveCfg = Debug|Any CPU
		{40C16088-DF85-474A-88A8-23F1C38FFCFC}.Debug|Any CPU.Build.0 = Debug|Any CPU
		{40C16088-DF85-474A-88A8-23F1C38FFCFC}.Release|Any CPU.ActiveCfg = Release|Any CPU
		{40C16088-DF85-474A-88A8-23F1C38FFCFC}.Release|Any CPU.Build.0 = Release|Any CPU
		{9E6CC674-B364-4319-AE13-BF50FA41D184}.Debug|Any CPU.ActiveCfg = Debug|Any CPU
		{9E6CC674-B364-4319-AE13-BF50FA41D184}.Debug|Any CPU.Build.0 = Debug|Any CPU
		{9E6CC674-B364-4319-AE13-BF50FA41D184}.Release|Any CPU.ActiveCfg = Release|Any CPU
		{9E6CC674-B364-4319-AE13-BF50FA41D184}.Release|Any CPU.Build.0 = Release|Any CPU
		{A076E02F-B69D-4CA5-A616-234B68EFE61B}.Debug|Any CPU.ActiveCfg = Debug|Any CPU
		{A076E02F-B69D-4CA5-A616-234B68EFE61B}.Debug|Any CPU.Build.0 = Debug|Any CPU
		{A076E02F-B69D-4CA5-A616-234B68EFE61B}.Release|Any CPU.ActiveCfg = Release|Any CPU
		{A076E02F-B69D-4CA5-A616-234B68EFE61B}.Release|Any CPU.Build.0 = Release|Any CPU
		{81876B4E-F84F-431C-A8D1-07E25722662E}.Debug|Any CPU.ActiveCfg = Debug|Any CPU
		{81876B4E-F84F-431C-A8D1-07E25722662E}.Debug|Any CPU.Build.0 = Debug|Any CPU
		{81876B4E-F84F-431C-A8D1-07E25722662E}.Release|Any CPU.ActiveCfg = Release|Any CPU
		{81876B4E-F84F-431C-A8D1-07E25722662E}.Release|Any CPU.Build.0 = Release|Any CPU
		{350CB236-FE73-4DF2-B701-C975B79E7160}.Debug|Any CPU.ActiveCfg = Debug|Any CPU
		{350CB236-FE73-4DF2-B701-C975B79E7160}.Debug|Any CPU.Build.0 = Debug|Any CPU
		{350CB236-FE73-4DF2-B701-C975B79E7160}.Release|Any CPU.ActiveCfg = Release|Any CPU
		{350CB236-FE73-4DF2-B701-C975B79E7160}.Release|Any CPU.Build.0 = Release|Any CPU
	EndGlobalSection
	GlobalSection(NestedProjects) = preSolution
		{07014305-42F1-46D5-9979-685C96F15931} = {905F1403-12B4-4E95-9413-D4CBE7AA0847}
		{C0F4AA83-99D1-4F7B-844B-F71F6B36C607} = {905F1403-12B4-4E95-9413-D4CBE7AA0847}
		{0ABC0B3B-41A3-4533-83B1-475C9B4AE0AB} = {905F1403-12B4-4E95-9413-D4CBE7AA0847}
		{879942DB-0850-4843-8FA7-5CDA5905C3EC} = {905F1403-12B4-4E95-9413-D4CBE7AA0847}
		{9131C536-EB6D-4601-9E20-F671022ED773} = {905F1403-12B4-4E95-9413-D4CBE7AA0847}
		{6E5A4BEE-250A-4CCD-B3F7-74FD6374E903} = {07014305-42F1-46D5-9979-685C96F15931}
		{BAA07404-16F0-4C7D-B820-C5F644D9EBCB} = {C0F4AA83-99D1-4F7B-844B-F71F6B36C607}
		{5920D44E-5567-410E-BE12-8E8C75E467D6} = {0ABC0B3B-41A3-4533-83B1-475C9B4AE0AB}
		{40C16088-DF85-474A-88A8-23F1C38FFCFC} = {879942DB-0850-4843-8FA7-5CDA5905C3EC}
		{9E6CC674-B364-4319-AE13-BF50FA41D184} = {9131C536-EB6D-4601-9E20-F671022ED773}
		{A076E02F-B69D-4CA5-A616-234B68EFE61B} = {9131C536-EB6D-4601-9E20-F671022ED773}
		{81876B4E-F84F-431C-A8D1-07E25722662E} = {9131C536-EB6D-4601-9E20-F671022ED773}
		{350CB236-FE73-4DF2-B701-C975B79E7160} = {879942DB-0850-4843-8FA7-5CDA5905C3EC}
	EndGlobalSection
EndGlobal
